Microsoft Visual Studio Solution File, Format Version 12.00
# Visual Studio 14
VisualStudioVersion = 14.0.25420.1
MinimumVisualStudioVersion = 10.0.40219.1
Project("{8BC9CEB8-8B4A-11D0-8D11-00A0C91BC942}") = "MapMatrix3D Editor", "MapMatrix3D Editor\MapMatrix3D Editor.vcxproj", "{B4453FCB-4CF0-4423-9BBC-6BAB3EAC126D}"
	ProjectSection(ProjectDependencies) = postProject
		{D3A96C14-EAF3-4E6C-9A4F-94664609C14B} = {D3A96C14-EAF3-4E6C-9A4F-94664609C14B}
		{5DA1AA28-BE94-48C7-AEFC-3D927D7EEA57} = {5DA1AA28-BE94-48C7-AEFC-3D927D7EEA57}
		{E14BD12C-71D4-42C4-A232-5DC0555D2FF3} = {E14BD12C-71D4-42C4-A232-5DC0555D2FF3}
		{88B1BD37-8A18-4410-94B6-635602077586} = {88B1BD37-8A18-4410-94B6-635602077586}
		{1F52C63E-A1FD-4972-AB75-AA58C3B05E43} = {1F52C63E-A1FD-4972-AB75-AA58C3B05E43}
		{99A3B241-C516-45AA-914B-D053DD29AAEF} = {99A3B241-C516-45AA-914B-D053DD29AAEF}
		{E66AC246-AC76-45FD-8348-37881E6EA680} = {E66AC246-AC76-45FD-8348-37881E6EA680}
		{681AF46D-AA4A-436C-9031-A3C6BFB07DE6} = {681AF46D-AA4A-436C-9031-A3C6BFB07DE6}
		{286C0983-5F11-45E9-BB02-D134C1E45642} = {286C0983-5F11-45E9-BB02-D134C1E45642}
		{AE676292-2C64-481D-8BF4-EAF98880AD69} = {AE676292-2C64-481D-8BF4-EAF98880AD69}
		{1E3F2093-F3F6-45F2-B336-B5EDF37CF23E} = {1E3F2093-F3F6-45F2-B336-B5EDF37CF23E}
		{38A5FEA8-D0D5-4649-94C0-75E0D9EEB4B6} = {38A5FEA8-D0D5-4649-94C0-75E0D9EEB4B6}
		{E90FF7AB-7E2D-434C-9BF4-B5BC6C327638} = {E90FF7AB-7E2D-434C-9BF4-B5BC6C327638}
		{04F414F2-BD4E-44C1-B126-A8AA4AFE190F} = {04F414F2-BD4E-44C1-B126-A8AA4AFE190F}
		{4A979AF7-D53C-4091-9440-C66323B5D724} = {4A979AF7-D53C-4091-9440-C66323B5D724}
	EndProjectSection
EndProject
Project("{8BC9CEB8-8B4A-11D0-8D11-00A0C91BC942}") = "Compass", "Compass\Compass.vcxproj", "{D3A96C14-EAF3-4E6C-9A4F-94664609C14B}"
EndProject
Project("{8BC9CEB8-8B4A-11D0-8D11-00A0C91BC942}") = "Algorithm", "Algorithm\Algorithm.vcxproj", "{38A5FEA8-D0D5-4649-94C0-75E0D9EEB4B6}"
	ProjectSection(ProjectDependencies) = postProject
		{286C0983-5F11-45E9-BB02-D134C1E45642} = {286C0983-5F11-45E9-BB02-D134C1E45642}
	EndProjectSection
EndProject
Project("{8BC9CEB8-8B4A-11D0-8D11-00A0C91BC942}") = "AdditionalDependency", "AdditionalDependency\AdditionalDependency.vcxproj", "{286C0983-5F11-45E9-BB02-D134C1E45642}"
EndProject
Project("{8BC9CEB8-8B4A-11D0-8D11-00A0C91BC942}") = "osgFinder", "osgFinder\osgFinder.vcxproj", "{5DA1AA28-BE94-48C7-AEFC-3D927D7EEA57}"
	ProjectSection(ProjectDependencies) = postProject
		{286C0983-5F11-45E9-BB02-D134C1E45642} = {286C0983-5F11-45E9-BB02-D134C1E45642}
		{38A5FEA8-D0D5-4649-94C0-75E0D9EEB4B6} = {38A5FEA8-D0D5-4649-94C0-75E0D9EEB4B6}
		{04F414F2-BD4E-44C1-B126-A8AA4AFE190F} = {04F414F2-BD4E-44C1-B126-A8AA4AFE190F}
		{4A979AF7-D53C-4091-9440-C66323B5D724} = {4A979AF7-D53C-4091-9440-C66323B5D724}
	EndProjectSection
EndProject
Project("{8BC9CEB8-8B4A-11D0-8D11-00A0C91BC942}") = "osgEditor", "osgEditor\osgEditor.vcxproj", "{E14BD12C-71D4-42C4-A232-5DC0555D2FF3}"
	ProjectSection(ProjectDependencies) = postProject
		{5DA1AA28-BE94-48C7-AEFC-3D927D7EEA57} = {5DA1AA28-BE94-48C7-AEFC-3D927D7EEA57}
		{286C0983-5F11-45E9-BB02-D134C1E45642} = {286C0983-5F11-45E9-BB02-D134C1E45642}
		{38A5FEA8-D0D5-4649-94C0-75E0D9EEB4B6} = {38A5FEA8-D0D5-4649-94C0-75E0D9EEB4B6}
		{04F414F2-BD4E-44C1-B126-A8AA4AFE190F} = {04F414F2-BD4E-44C1-B126-A8AA4AFE190F}
	EndProjectSection
EndProject
Project("{2150E333-8FDC-42A3-9474-1A3956D46DE8}") = "methods", "methods", "{ED5071B8-6F68-4D52-8425-8668AA1BD99E}"
EndProject
Project("{2150E333-8FDC-42A3-9474-1A3956D46DE8}") = "dependency", "dependency", "{319AD52D-EE37-4F30-B73A-E796BEDC78D1}"
EndProject
Project("{2150E333-8FDC-42A3-9474-1A3956D46DE8}") = "modules", "modules", "{C7F953FD-F036-4E4E-A7BD-97A4F0996F37}"
EndProject
Project("{2150E333-8FDC-42A3-9474-1A3956D46DE8}") = "osgCore", "osgCore", "{775A72EC-4DDF-4C2A-87ED-BCAD305AC1A0}"
EndProject
Project("{2150E333-8FDC-42A3-9474-1A3956D46DE8}") = "plugins", "plugins", "{055820AA-DD78-445D-BDB6-32911175ADD5}"
EndProject
Project("{8BC9CEB8-8B4A-11D0-8D11-00A0C91BC942}") = "MFCDepends", "MFCDepends\MFCDepends.vcxproj", "{4A979AF7-D53C-4091-9440-C66323B5D724}"
EndProject
Project("{2150E333-8FDC-42A3-9474-1A3956D46DE8}") = "UserEvent", "UserEvent", "{04761FE8-7F89-4444-B631-51763EAE3EC7}"
EndProject
Project("{2150E333-8FDC-42A3-9474-1A3956D46DE8}") = "callback", "callback", "{FE16BCE6-0036-4FF8-B55C-3AEC36F5D86C}"
EndProject
Project("{8BC9CEB8-8B4A-11D0-8D11-00A0C91BC942}") = "CallBackFuncType", "CallBackFuncType\CallBackFuncType.vcxproj", "{04F414F2-BD4E-44C1-B126-A8AA4AFE190F}"
	ProjectSection(ProjectDependencies) = postProject
		{286C0983-5F11-45E9-BB02-D134C1E45642} = {286C0983-5F11-45E9-BB02-D134C1E45642}
	EndProjectSection
EndProject
Project("{2150E333-8FDC-42A3-9474-1A3956D46DE8}") = "app", "app", "{F6D3551D-25DF-4B43-A320-F8EB0802CA3C}"
EndProject
Project("{8BC9CEB8-8B4A-11D0-8D11-00A0C91BC942}") = "BaseDrawer", "BaseDrawer\BaseDrawer.vcxproj", "{8BA86C1A-C8BC-45EC-8052-C51CC7EB3864}"
	ProjectSection(ProjectDependencies) = postProject
		{99A3B241-C516-45AA-914B-D053DD29AAEF} = {99A3B241-C516-45AA-914B-D053DD29AAEF}
		{286C0983-5F11-45E9-BB02-D134C1E45642} = {286C0983-5F11-45E9-BB02-D134C1E45642}
	EndProjectSection
EndProject
Project("{8BC9CEB8-8B4A-11D0-8D11-00A0C91BC942}") = "BaseUserEvent", "BaseUserEvent\BaseUserEvent.vcxproj", "{5646A027-25CC-4C96-92C5-904486DEF2E2}"
	ProjectSection(ProjectDependencies) = postProject
		{286C0983-5F11-45E9-BB02-D134C1E45642} = {286C0983-5F11-45E9-BB02-D134C1E45642}
	EndProjectSection
EndProject
Project("{8BC9CEB8-8B4A-11D0-8D11-00A0C91BC942}") = "osgShowCoordEvent", "osgShowCoordEvent\osgShowCoordEvent.vcxproj", "{58141C11-5069-45E0-B8B0-A570345C042C}"
	ProjectSection(ProjectDependencies) = postProject
		{5646A027-25CC-4C96-92C5-904486DEF2E2} = {5646A027-25CC-4C96-92C5-904486DEF2E2}
		{286C0983-5F11-45E9-BB02-D134C1E45642} = {286C0983-5F11-45E9-BB02-D134C1E45642}
		{04F414F2-BD4E-44C1-B126-A8AA4AFE190F} = {04F414F2-BD4E-44C1-B126-A8AA4AFE190F}
	EndProjectSection
EndProject
Project("{8BC9CEB8-8B4A-11D0-8D11-00A0C91BC942}") = "osgMultiFileLinkCreator", "osgMultiFileLinkCreator\osgMultiFileLinkCreator.vcxproj", "{1E3F2093-F3F6-45F2-B336-B5EDF37CF23E}"
	ProjectSection(ProjectDependencies) = postProject
		{286C0983-5F11-45E9-BB02-D134C1E45642} = {286C0983-5F11-45E9-BB02-D134C1E45642}
		{04F414F2-BD4E-44C1-B126-A8AA4AFE190F} = {04F414F2-BD4E-44C1-B126-A8AA4AFE190F}
		{4A979AF7-D53C-4091-9440-C66323B5D724} = {4A979AF7-D53C-4091-9440-C66323B5D724}
	EndProjectSection
EndProject
Project("{8BC9CEB8-8B4A-11D0-8D11-00A0C91BC942}") = "osgMFCViewer", "osgMFCViewer\osgMFCViewer.vcxproj", "{E90FF7AB-7E2D-434C-9BF4-B5BC6C327638}"
	ProjectSection(ProjectDependencies) = postProject
		{58141C11-5069-45E0-B8B0-A570345C042C} = {58141C11-5069-45E0-B8B0-A570345C042C}
		{D3A96C14-EAF3-4E6C-9A4F-94664609C14B} = {D3A96C14-EAF3-4E6C-9A4F-94664609C14B}
		{8BA86C1A-C8BC-45EC-8052-C51CC7EB3864} = {8BA86C1A-C8BC-45EC-8052-C51CC7EB3864}
		{5646A027-25CC-4C96-92C5-904486DEF2E2} = {5646A027-25CC-4C96-92C5-904486DEF2E2}
		{5DA1AA28-BE94-48C7-AEFC-3D927D7EEA57} = {5DA1AA28-BE94-48C7-AEFC-3D927D7EEA57}
		{E14BD12C-71D4-42C4-A232-5DC0555D2FF3} = {E14BD12C-71D4-42C4-A232-5DC0555D2FF3}
		{88B1BD37-8A18-4410-94B6-635602077586} = {88B1BD37-8A18-4410-94B6-635602077586}
		{1F52C63E-A1FD-4972-AB75-AA58C3B05E43} = {1F52C63E-A1FD-4972-AB75-AA58C3B05E43}
		{681AF46D-AA4A-436C-9031-A3C6BFB07DE6} = {681AF46D-AA4A-436C-9031-A3C6BFB07DE6}
		{286C0983-5F11-45E9-BB02-D134C1E45642} = {286C0983-5F11-45E9-BB02-D134C1E45642}
		{34A79D8C-8F05-4281-90BA-7B9CB3562C27} = {34A79D8C-8F05-4281-90BA-7B9CB3562C27}
		{AE676292-2C64-481D-8BF4-EAF98880AD69} = {AE676292-2C64-481D-8BF4-EAF98880AD69}
		{38A5FEA8-D0D5-4649-94C0-75E0D9EEB4B6} = {38A5FEA8-D0D5-4649-94C0-75E0D9EEB4B6}
		{B30016D8-41CB-4C29-8FBF-ACF3C2D56D36} = {B30016D8-41CB-4C29-8FBF-ACF3C2D56D36}
		{04F414F2-BD4E-44C1-B126-A8AA4AFE190F} = {04F414F2-BD4E-44C1-B126-A8AA4AFE190F}
		{4A979AF7-D53C-4091-9440-C66323B5D724} = {4A979AF7-D53C-4091-9440-C66323B5D724}
	EndProjectSection
EndProject
Project("{8BC9CEB8-8B4A-11D0-8D11-00A0C91BC942}") = "CV_Line", "CV_Line\CV_Line.vcxproj", "{F01210D5-B308-400C-9620-704FAEBD6432}"
EndProject
Project("{8BC9CEB8-8B4A-11D0-8D11-00A0C91BC942}") = "mm3dMeasureEvent", "mm3dMeasureEvent\mm3dMeasureEvent.vcxproj", "{B30016D8-41CB-4C29-8FBF-ACF3C2D56D36}"
	ProjectSection(ProjectDependencies) = postProject
		{5646A027-25CC-4C96-92C5-904486DEF2E2} = {5646A027-25CC-4C96-92C5-904486DEF2E2}
		{286C0983-5F11-45E9-BB02-D134C1E45642} = {286C0983-5F11-45E9-BB02-D134C1E45642}
		{04F414F2-BD4E-44C1-B126-A8AA4AFE190F} = {04F414F2-BD4E-44C1-B126-A8AA4AFE190F}
	EndProjectSection
EndProject
Project("{8BC9CEB8-8B4A-11D0-8D11-00A0C91BC942}") = "mm3dOrientEvent", "mm3dOrientEvent\mm3dOrientEvent.vcxproj", "{AE676292-2C64-481D-8BF4-EAF98880AD69}"
	ProjectSection(ProjectDependencies) = postProject
		{397DD309-7F67-438C-8FCF-03EA128DFC83} = {397DD309-7F67-438C-8FCF-03EA128DFC83}
		{8BA86C1A-C8BC-45EC-8052-C51CC7EB3864} = {8BA86C1A-C8BC-45EC-8052-C51CC7EB3864}
		{5646A027-25CC-4C96-92C5-904486DEF2E2} = {5646A027-25CC-4C96-92C5-904486DEF2E2}
		{E14BD12C-71D4-42C4-A232-5DC0555D2FF3} = {E14BD12C-71D4-42C4-A232-5DC0555D2FF3}
		{99A3B241-C516-45AA-914B-D053DD29AAEF} = {99A3B241-C516-45AA-914B-D053DD29AAEF}
		{64762260-47E8-4A91-B4DD-319F7BBD4264} = {64762260-47E8-4A91-B4DD-319F7BBD4264}
		{286C0983-5F11-45E9-BB02-D134C1E45642} = {286C0983-5F11-45E9-BB02-D134C1E45642}
		{38A5FEA8-D0D5-4649-94C0-75E0D9EEB4B6} = {38A5FEA8-D0D5-4649-94C0-75E0D9EEB4B6}
		{04F414F2-BD4E-44C1-B126-A8AA4AFE190F} = {04F414F2-BD4E-44C1-B126-A8AA4AFE190F}
		{4A979AF7-D53C-4091-9440-C66323B5D724} = {4A979AF7-D53C-4091-9440-C66323B5D724}
	EndProjectSection
EndProject
Project("{8BC9CEB8-8B4A-11D0-8D11-00A0C91BC942}") = "mm3dDrawEvent", "mm3dDrawEvent\mm3dDrawEvent.vcxproj", "{34A79D8C-8F05-4281-90BA-7B9CB3562C27}"
	ProjectSection(ProjectDependencies) = postProject
		{8BA86C1A-C8BC-45EC-8052-C51CC7EB3864} = {8BA86C1A-C8BC-45EC-8052-C51CC7EB3864}
		{5646A027-25CC-4C96-92C5-904486DEF2E2} = {5646A027-25CC-4C96-92C5-904486DEF2E2}
		{5DA1AA28-BE94-48C7-AEFC-3D927D7EEA57} = {5DA1AA28-BE94-48C7-AEFC-3D927D7EEA57}
		{99A3B241-C516-45AA-914B-D053DD29AAEF} = {99A3B241-C516-45AA-914B-D053DD29AAEF}
		{64762260-47E8-4A91-B4DD-319F7BBD4264} = {64762260-47E8-4A91-B4DD-319F7BBD4264}
		{286C0983-5F11-45E9-BB02-D134C1E45642} = {286C0983-5F11-45E9-BB02-D134C1E45642}
		{38A5FEA8-D0D5-4649-94C0-75E0D9EEB4B6} = {38A5FEA8-D0D5-4649-94C0-75E0D9EEB4B6}
		{04F414F2-BD4E-44C1-B126-A8AA4AFE190F} = {04F414F2-BD4E-44C1-B126-A8AA4AFE190F}
	EndProjectSection
EndProject
Project("{8BC9CEB8-8B4A-11D0-8D11-00A0C91BC942}") = "mm3dEditEvent", "mm3dEditEvent\mm3dEditEvent.vcxproj", "{88B1BD37-8A18-4410-94B6-635602077586}"
	ProjectSection(ProjectDependencies) = postProject
		{8BA86C1A-C8BC-45EC-8052-C51CC7EB3864} = {8BA86C1A-C8BC-45EC-8052-C51CC7EB3864}
		{5646A027-25CC-4C96-92C5-904486DEF2E2} = {5646A027-25CC-4C96-92C5-904486DEF2E2}
		{5DA1AA28-BE94-48C7-AEFC-3D927D7EEA57} = {5DA1AA28-BE94-48C7-AEFC-3D927D7EEA57}
		{E14BD12C-71D4-42C4-A232-5DC0555D2FF3} = {E14BD12C-71D4-42C4-A232-5DC0555D2FF3}
		{2E12083C-943F-4D09-AF56-A791524A6D6D} = {2E12083C-943F-4D09-AF56-A791524A6D6D}
		{286C0983-5F11-45E9-BB02-D134C1E45642} = {286C0983-5F11-45E9-BB02-D134C1E45642}
		{38A5FEA8-D0D5-4649-94C0-75E0D9EEB4B6} = {38A5FEA8-D0D5-4649-94C0-75E0D9EEB4B6}
		{04F414F2-BD4E-44C1-B126-A8AA4AFE190F} = {04F414F2-BD4E-44C1-B126-A8AA4AFE190F}
		{4A979AF7-D53C-4091-9440-C66323B5D724} = {4A979AF7-D53C-4091-9440-C66323B5D724}
	EndProjectSection
EndProject
Project("{8BC9CEB8-8B4A-11D0-8D11-00A0C91BC942}") = "mm3dMonomerEvent", "mm3dMonomerEvent\mm3dMonomerEvent.vcxproj", "{1F52C63E-A1FD-4972-AB75-AA58C3B05E43}"
	ProjectSection(ProjectDependencies) = postProject
		{8BA86C1A-C8BC-45EC-8052-C51CC7EB3864} = {8BA86C1A-C8BC-45EC-8052-C51CC7EB3864}
		{32552623-7489-4D5F-9B78-57CB607AAE07} = {32552623-7489-4D5F-9B78-57CB607AAE07}
		{5646A027-25CC-4C96-92C5-904486DEF2E2} = {5646A027-25CC-4C96-92C5-904486DEF2E2}
		{5DA1AA28-BE94-48C7-AEFC-3D927D7EEA57} = {5DA1AA28-BE94-48C7-AEFC-3D927D7EEA57}
		{E14BD12C-71D4-42C4-A232-5DC0555D2FF3} = {E14BD12C-71D4-42C4-A232-5DC0555D2FF3}
		{2E12083C-943F-4D09-AF56-A791524A6D6D} = {2E12083C-943F-4D09-AF56-A791524A6D6D}
		{E66AC246-AC76-45FD-8348-37881E6EA680} = {E66AC246-AC76-45FD-8348-37881E6EA680}
		{286C0983-5F11-45E9-BB02-D134C1E45642} = {286C0983-5F11-45E9-BB02-D134C1E45642}
		{38A5FEA8-D0D5-4649-94C0-75E0D9EEB4B6} = {38A5FEA8-D0D5-4649-94C0-75E0D9EEB4B6}
		{F01210D5-B308-400C-9620-704FAEBD6432} = {F01210D5-B308-400C-9620-704FAEBD6432}
		{04F414F2-BD4E-44C1-B126-A8AA4AFE190F} = {04F414F2-BD4E-44C1-B126-A8AA4AFE190F}
		{4A979AF7-D53C-4091-9440-C66323B5D724} = {4A979AF7-D53C-4091-9440-C66323B5D724}
	EndProjectSection
EndProject
Project("{8BC9CEB8-8B4A-11D0-8D11-00A0C91BC942}") = "mm3dMapperEvent", "mm3dMapperEvent\mm3dMapperEvent.vcxproj", "{681AF46D-AA4A-436C-9031-A3C6BFB07DE6}"
	ProjectSection(ProjectDependencies) = postProject
		{397DD309-7F67-438C-8FCF-03EA128DFC83} = {397DD309-7F67-438C-8FCF-03EA128DFC83}
		{8BA86C1A-C8BC-45EC-8052-C51CC7EB3864} = {8BA86C1A-C8BC-45EC-8052-C51CC7EB3864}
		{32552623-7489-4D5F-9B78-57CB607AAE07} = {32552623-7489-4D5F-9B78-57CB607AAE07}
		{5646A027-25CC-4C96-92C5-904486DEF2E2} = {5646A027-25CC-4C96-92C5-904486DEF2E2}
		{5DA1AA28-BE94-48C7-AEFC-3D927D7EEA57} = {5DA1AA28-BE94-48C7-AEFC-3D927D7EEA57}
		{64762260-47E8-4A91-B4DD-319F7BBD4264} = {64762260-47E8-4A91-B4DD-319F7BBD4264}
		{286C0983-5F11-45E9-BB02-D134C1E45642} = {286C0983-5F11-45E9-BB02-D134C1E45642}
		{34A79D8C-8F05-4281-90BA-7B9CB3562C27} = {34A79D8C-8F05-4281-90BA-7B9CB3562C27}
		{38A5FEA8-D0D5-4649-94C0-75E0D9EEB4B6} = {38A5FEA8-D0D5-4649-94C0-75E0D9EEB4B6}
		{F01210D5-B308-400C-9620-704FAEBD6432} = {F01210D5-B308-400C-9620-704FAEBD6432}
		{04F414F2-BD4E-44C1-B126-A8AA4AFE190F} = {04F414F2-BD4E-44C1-B126-A8AA4AFE190F}
		{4A979AF7-D53C-4091-9440-C66323B5D724} = {4A979AF7-D53C-4091-9440-C66323B5D724}
	EndProjectSection
EndProject
Project("{8BC9CEB8-8B4A-11D0-8D11-00A0C91BC942}") = "mm3dProductModule", "mm3dProductModule\mm3dProductModule.vcxproj", "{E66AC246-AC76-45FD-8348-37881E6EA680}"
	ProjectSection(ProjectDependencies) = postProject
		{5DA1AA28-BE94-48C7-AEFC-3D927D7EEA57} = {5DA1AA28-BE94-48C7-AEFC-3D927D7EEA57}
		{E14BD12C-71D4-42C4-A232-5DC0555D2FF3} = {E14BD12C-71D4-42C4-A232-5DC0555D2FF3}
		{286C0983-5F11-45E9-BB02-D134C1E45642} = {286C0983-5F11-45E9-BB02-D134C1E45642}
		{38A5FEA8-D0D5-4649-94C0-75E0D9EEB4B6} = {38A5FEA8-D0D5-4649-94C0-75E0D9EEB4B6}
		{04F414F2-BD4E-44C1-B126-A8AA4AFE190F} = {04F414F2-BD4E-44C1-B126-A8AA4AFE190F}
		{4A979AF7-D53C-4091-9440-C66323B5D724} = {4A979AF7-D53C-4091-9440-C66323B5D724}
	EndProjectSection
EndProject
Project("{8BC9CEB8-8B4A-11D0-8D11-00A0C91BC942}") = "mm3dOrientModule", "mm3dOrientModule\mm3dOrientModule.vcxproj", "{99A3B241-C516-45AA-914B-D053DD29AAEF}"
	ProjectSection(ProjectDependencies) = postProject
		{5DA1AA28-BE94-48C7-AEFC-3D927D7EEA57} = {5DA1AA28-BE94-48C7-AEFC-3D927D7EEA57}
		{E14BD12C-71D4-42C4-A232-5DC0555D2FF3} = {E14BD12C-71D4-42C4-A232-5DC0555D2FF3}
		{286C0983-5F11-45E9-BB02-D134C1E45642} = {286C0983-5F11-45E9-BB02-D134C1E45642}
		{38A5FEA8-D0D5-4649-94C0-75E0D9EEB4B6} = {38A5FEA8-D0D5-4649-94C0-75E0D9EEB4B6}
		{4A979AF7-D53C-4091-9440-C66323B5D724} = {4A979AF7-D53C-4091-9440-C66323B5D724}
	EndProjectSection
EndProject
Project("{8BC9CEB8-8B4A-11D0-8D11-00A0C91BC942}") = "mm3dMonoModule", "mm3dMonoModule\mm3dMonoModule.vcxproj", "{32552623-7489-4D5F-9B78-57CB607AAE07}"
	ProjectSection(ProjectDependencies) = postProject
		{397DD309-7F67-438C-8FCF-03EA128DFC83} = {397DD309-7F67-438C-8FCF-03EA128DFC83}
		{8BA86C1A-C8BC-45EC-8052-C51CC7EB3864} = {8BA86C1A-C8BC-45EC-8052-C51CC7EB3864}
		{5DA1AA28-BE94-48C7-AEFC-3D927D7EEA57} = {5DA1AA28-BE94-48C7-AEFC-3D927D7EEA57}
		{E14BD12C-71D4-42C4-A232-5DC0555D2FF3} = {E14BD12C-71D4-42C4-A232-5DC0555D2FF3}
		{2E12083C-943F-4D09-AF56-A791524A6D6D} = {2E12083C-943F-4D09-AF56-A791524A6D6D}
		{E66AC246-AC76-45FD-8348-37881E6EA680} = {E66AC246-AC76-45FD-8348-37881E6EA680}
		{64762260-47E8-4A91-B4DD-319F7BBD4264} = {64762260-47E8-4A91-B4DD-319F7BBD4264}
		{286C0983-5F11-45E9-BB02-D134C1E45642} = {286C0983-5F11-45E9-BB02-D134C1E45642}
		{38A5FEA8-D0D5-4649-94C0-75E0D9EEB4B6} = {38A5FEA8-D0D5-4649-94C0-75E0D9EEB4B6}
		{F01210D5-B308-400C-9620-704FAEBD6432} = {F01210D5-B308-400C-9620-704FAEBD6432}
		{04F414F2-BD4E-44C1-B126-A8AA4AFE190F} = {04F414F2-BD4E-44C1-B126-A8AA4AFE190F}
		{4A979AF7-D53C-4091-9440-C66323B5D724} = {4A979AF7-D53C-4091-9440-C66323B5D724}
	EndProjectSection
EndProject
Project("{8BC9CEB8-8B4A-11D0-8D11-00A0C91BC942}") = "mm3dEditModule", "mm3dEditModule\mm3dEditModule.vcxproj", "{2E12083C-943F-4D09-AF56-A791524A6D6D}"
	ProjectSection(ProjectDependencies) = postProject
		{5DA1AA28-BE94-48C7-AEFC-3D927D7EEA57} = {5DA1AA28-BE94-48C7-AEFC-3D927D7EEA57}
		{E14BD12C-71D4-42C4-A232-5DC0555D2FF3} = {E14BD12C-71D4-42C4-A232-5DC0555D2FF3}
		{64762260-47E8-4A91-B4DD-319F7BBD4264} = {64762260-47E8-4A91-B4DD-319F7BBD4264}
		{286C0983-5F11-45E9-BB02-D134C1E45642} = {286C0983-5F11-45E9-BB02-D134C1E45642}
		{38A5FEA8-D0D5-4649-94C0-75E0D9EEB4B6} = {38A5FEA8-D0D5-4649-94C0-75E0D9EEB4B6}
		{04F414F2-BD4E-44C1-B126-A8AA4AFE190F} = {04F414F2-BD4E-44C1-B126-A8AA4AFE190F}
		{4A979AF7-D53C-4091-9440-C66323B5D724} = {4A979AF7-D53C-4091-9440-C66323B5D724}
	EndProjectSection
EndProject
Project("{8BC9CEB8-8B4A-11D0-8D11-00A0C91BC942}") = "mm3dMapModule", "mm3dMapModule\mm3dMapModule.vcxproj", "{397DD309-7F67-438C-8FCF-03EA128DFC83}"
	ProjectSection(ProjectDependencies) = postProject
		{8BA86C1A-C8BC-45EC-8052-C51CC7EB3864} = {8BA86C1A-C8BC-45EC-8052-C51CC7EB3864}
		{5646A027-25CC-4C96-92C5-904486DEF2E2} = {5646A027-25CC-4C96-92C5-904486DEF2E2}
		{5DA1AA28-BE94-48C7-AEFC-3D927D7EEA57} = {5DA1AA28-BE94-48C7-AEFC-3D927D7EEA57}
		{286C0983-5F11-45E9-BB02-D134C1E45642} = {286C0983-5F11-45E9-BB02-D134C1E45642}
		{38A5FEA8-D0D5-4649-94C0-75E0D9EEB4B6} = {38A5FEA8-D0D5-4649-94C0-75E0D9EEB4B6}
		{F01210D5-B308-400C-9620-704FAEBD6432} = {F01210D5-B308-400C-9620-704FAEBD6432}
		{04F414F2-BD4E-44C1-B126-A8AA4AFE190F} = {04F414F2-BD4E-44C1-B126-A8AA4AFE190F}
		{4A979AF7-D53C-4091-9440-C66323B5D724} = {4A979AF7-D53C-4091-9440-C66323B5D724}
	EndProjectSection
EndProject
Project("{8BC9CEB8-8B4A-11D0-8D11-00A0C91BC942}") = "sqliteDatabase", "sqliteDatabase\sqliteDatabase.vcxproj", "{64762260-47E8-4A91-B4DD-319F7BBD4264}"
EndProject
Global
	GlobalSection(SolutionConfigurationPlatforms) = preSolution
		Debug|Win32 = Debug|Win32
		Debug|x64 = Debug|x64
		Release|Win32 = Release|Win32
		Release|x64 = Release|x64
	EndGlobalSection
	GlobalSection(ProjectConfigurationPlatforms) = postSolution
		{B4453FCB-4CF0-4423-9BBC-6BAB3EAC126D}.Debug|Win32.ActiveCfg = Debug|Win32
		{B4453FCB-4CF0-4423-9BBC-6BAB3EAC126D}.Debug|Win32.Build.0 = Debug|Win32
		{B4453FCB-4CF0-4423-9BBC-6BAB3EAC126D}.Debug|x64.ActiveCfg = Debug|x64
		{B4453FCB-4CF0-4423-9BBC-6BAB3EAC126D}.Debug|x64.Build.0 = Debug|x64
		{B4453FCB-4CF0-4423-9BBC-6BAB3EAC126D}.Release|Win32.ActiveCfg = Release|Win32
		{B4453FCB-4CF0-4423-9BBC-6BAB3EAC126D}.Release|Win32.Build.0 = Release|Win32
		{B4453FCB-4CF0-4423-9BBC-6BAB3EAC126D}.Release|x64.ActiveCfg = Release|x64
		{B4453FCB-4CF0-4423-9BBC-6BAB3EAC126D}.Release|x64.Build.0 = Release|x64
		{D3A96C14-EAF3-4E6C-9A4F-94664609C14B}.Debug|Win32.ActiveCfg = Debug|Win32
		{D3A96C14-EAF3-4E6C-9A4F-94664609C14B}.Debug|Win32.Build.0 = Debug|Win32
		{D3A96C14-EAF3-4E6C-9A4F-94664609C14B}.Debug|x64.ActiveCfg = Debug|x64
		{D3A96C14-EAF3-4E6C-9A4F-94664609C14B}.Debug|x64.Build.0 = Debug|x64
		{D3A96C14-EAF3-4E6C-9A4F-94664609C14B}.Release|Win32.ActiveCfg = Release|Win32
		{D3A96C14-EAF3-4E6C-9A4F-94664609C14B}.Release|Win32.Build.0 = Release|Win32
		{D3A96C14-EAF3-4E6C-9A4F-94664609C14B}.Release|x64.ActiveCfg = Release|x64
		{D3A96C14-EAF3-4E6C-9A4F-94664609C14B}.Release|x64.Build.0 = Release|x64
		{38A5FEA8-D0D5-4649-94C0-75E0D9EEB4B6}.Debug|Win32.ActiveCfg = Debug|Win32
		{38A5FEA8-D0D5-4649-94C0-75E0D9EEB4B6}.Debug|Win32.Build.0 = Debug|Win32
		{38A5FEA8-D0D5-4649-94C0-75E0D9EEB4B6}.Debug|x64.ActiveCfg = Debug|Win32
		{38A5FEA8-D0D5-4649-94C0-75E0D9EEB4B6}.Release|Win32.ActiveCfg = Release|Win32
		{38A5FEA8-D0D5-4649-94C0-75E0D9EEB4B6}.Release|Win32.Build.0 = Release|Win32
		{38A5FEA8-D0D5-4649-94C0-75E0D9EEB4B6}.Release|x64.ActiveCfg = Release|x64
		{38A5FEA8-D0D5-4649-94C0-75E0D9EEB4B6}.Release|x64.Build.0 = Release|x64
		{286C0983-5F11-45E9-BB02-D134C1E45642}.Debug|Win32.ActiveCfg = Debug|Win32
		{286C0983-5F11-45E9-BB02-D134C1E45642}.Debug|Win32.Build.0 = Debug|Win32
		{286C0983-5F11-45E9-BB02-D134C1E45642}.Debug|x64.ActiveCfg = Debug|Win32
		{286C0983-5F11-45E9-BB02-D134C1E45642}.Release|Win32.ActiveCfg = Release|Win32
		{286C0983-5F11-45E9-BB02-D134C1E45642}.Release|Win32.Build.0 = Release|Win32
		{286C0983-5F11-45E9-BB02-D134C1E45642}.Release|x64.ActiveCfg = Release|x64
		{286C0983-5F11-45E9-BB02-D134C1E45642}.Release|x64.Build.0 = Release|x64
		{5DA1AA28-BE94-48C7-AEFC-3D927D7EEA57}.Debug|Win32.ActiveCfg = Debug|Win32
		{5DA1AA28-BE94-48C7-AEFC-3D927D7EEA57}.Debug|Win32.Build.0 = Debug|Win32
		{5DA1AA28-BE94-48C7-AEFC-3D927D7EEA57}.Debug|x64.ActiveCfg = Debug|Win32
		{5DA1AA28-BE94-48C7-AEFC-3D927D7EEA57}.Release|Win32.ActiveCfg = Release|Win32
		{5DA1AA28-BE94-48C7-AEFC-3D927D7EEA57}.Release|Win32.Build.0 = Release|Win32
		{5DA1AA28-BE94-48C7-AEFC-3D927D7EEA57}.Release|x64.ActiveCfg = Release|x64
		{5DA1AA28-BE94-48C7-AEFC-3D927D7EEA57}.Release|x64.Build.0 = Release|x64
		{E14BD12C-71D4-42C4-A232-5DC0555D2FF3}.Debug|Win32.ActiveCfg = Debug|Win32
		{E14BD12C-71D4-42C4-A232-5DC0555D2FF3}.Debug|Win32.Build.0 = Debug|Win32
		{E14BD12C-71D4-42C4-A232-5DC0555D2FF3}.Debug|x64.ActiveCfg = Debug|Win32
		{E14BD12C-71D4-42C4-A232-5DC0555D2FF3}.Release|Win32.ActiveCfg = Release|Win32
		{E14BD12C-71D4-42C4-A232-5DC0555D2FF3}.Release|Win32.Build.0 = Release|Win32
		{E14BD12C-71D4-42C4-A232-5DC0555D2FF3}.Release|x64.ActiveCfg = Release|x64
		{E14BD12C-71D4-42C4-A232-5DC0555D2FF3}.Release|x64.Build.0 = Release|x64
		{4A979AF7-D53C-4091-9440-C66323B5D724}.Debug|Win32.ActiveCfg = Debug|Win32
		{4A979AF7-D53C-4091-9440-C66323B5D724}.Debug|Win32.Build.0 = Debug|Win32
		{4A979AF7-D53C-4091-9440-C66323B5D724}.Debug|x64.ActiveCfg = Debug|Win32
		{4A979AF7-D53C-4091-9440-C66323B5D724}.Release|Win32.ActiveCfg = Release|Win32
		{4A979AF7-D53C-4091-9440-C66323B5D724}.Release|Win32.Build.0 = Release|Win32
		{4A979AF7-D53C-4091-9440-C66323B5D724}.Release|x64.ActiveCfg = Release|x64
		{4A979AF7-D53C-4091-9440-C66323B5D724}.Release|x64.Build.0 = Release|x64
		{04F414F2-BD4E-44C1-B126-A8AA4AFE190F}.Debug|Win32.ActiveCfg = Debug|Win32
		{04F414F2-BD4E-44C1-B126-A8AA4AFE190F}.Debug|Win32.Build.0 = Debug|Win32
		{04F414F2-BD4E-44C1-B126-A8AA4AFE190F}.Debug|x64.ActiveCfg = Debug|Win32
		{04F414F2-BD4E-44C1-B126-A8AA4AFE190F}.Release|Win32.ActiveCfg = Release|Win32
		{04F414F2-BD4E-44C1-B126-A8AA4AFE190F}.Release|Win32.Build.0 = Release|Win32
		{04F414F2-BD4E-44C1-B126-A8AA4AFE190F}.Release|x64.ActiveCfg = Release|x64
		{04F414F2-BD4E-44C1-B126-A8AA4AFE190F}.Release|x64.Build.0 = Release|x64
		{8BA86C1A-C8BC-45EC-8052-C51CC7EB3864}.Debug|Win32.ActiveCfg = Debug|Win32
		{8BA86C1A-C8BC-45EC-8052-C51CC7EB3864}.Debug|Win32.Build.0 = Debug|Win32
		{8BA86C1A-C8BC-45EC-8052-C51CC7EB3864}.Debug|x64.ActiveCfg = Debug|Win32
		{8BA86C1A-C8BC-45EC-8052-C51CC7EB3864}.Release|Win32.ActiveCfg = Release|Win32
		{8BA86C1A-C8BC-45EC-8052-C51CC7EB3864}.Release|Win32.Build.0 = Release|Win32
		{8BA86C1A-C8BC-45EC-8052-C51CC7EB3864}.Release|x64.ActiveCfg = Release|x64
		{8BA86C1A-C8BC-45EC-8052-C51CC7EB3864}.Release|x64.Build.0 = Release|x64
		{5646A027-25CC-4C96-92C5-904486DEF2E2}.Debug|Win32.ActiveCfg = Debug|Win32
		{5646A027-25CC-4C96-92C5-904486DEF2E2}.Debug|Win32.Build.0 = Debug|Win32
		{5646A027-25CC-4C96-92C5-904486DEF2E2}.Debug|x64.ActiveCfg = Debug|Win32
		{5646A027-25CC-4C96-92C5-904486DEF2E2}.Release|Win32.ActiveCfg = Release|Win32
		{5646A027-25CC-4C96-92C5-904486DEF2E2}.Release|Win32.Build.0 = Release|Win32
		{5646A027-25CC-4C96-92C5-904486DEF2E2}.Release|x64.ActiveCfg = Release|x64
		{5646A027-25CC-4C96-92C5-904486DEF2E2}.Release|x64.Build.0 = Release|x64
		{58141C11-5069-45E0-B8B0-A570345C042C}.Debug|Win32.ActiveCfg = Debug|Win32
		{58141C11-5069-45E0-B8B0-A570345C042C}.Debug|Win32.Build.0 = Debug|Win32
		{58141C11-5069-45E0-B8B0-A570345C042C}.Debug|x64.ActiveCfg = Debug|Win32
		{58141C11-5069-45E0-B8B0-A570345C042C}.Release|Win32.ActiveCfg = Release|Win32
		{58141C11-5069-45E0-B8B0-A570345C042C}.Release|Win32.Build.0 = Release|Win32
		{58141C11-5069-45E0-B8B0-A570345C042C}.Release|x64.ActiveCfg = Release|x64
		{58141C11-5069-45E0-B8B0-A570345C042C}.Release|x64.Build.0 = Release|x64
		{1E3F2093-F3F6-45F2-B336-B5EDF37CF23E}.Debug|Win32.ActiveCfg = Debug|Win32
		{1E3F2093-F3F6-45F2-B336-B5EDF37CF23E}.Debug|Win32.Build.0 = Debug|Win32
		{1E3F2093-F3F6-45F2-B336-B5EDF37CF23E}.Debug|x64.ActiveCfg = Debug|Win32
		{1E3F2093-F3F6-45F2-B336-B5EDF37CF23E}.Release|Win32.ActiveCfg = Release|Win32
		{1E3F2093-F3F6-45F2-B336-B5EDF37CF23E}.Release|Win32.Build.0 = Release|Win32
		{1E3F2093-F3F6-45F2-B336-B5EDF37CF23E}.Release|x64.ActiveCfg = Release|x64
		{1E3F2093-F3F6-45F2-B336-B5EDF37CF23E}.Release|x64.Build.0 = Release|x64
		{E90FF7AB-7E2D-434C-9BF4-B5BC6C327638}.Debug|Win32.ActiveCfg = Debug|Win32
		{E90FF7AB-7E2D-434C-9BF4-B5BC6C327638}.Debug|Win32.Build.0 = Debug|Win32
		{E90FF7AB-7E2D-434C-9BF4-B5BC6C327638}.Debug|x64.ActiveCfg = Debug|x64
		{E90FF7AB-7E2D-434C-9BF4-B5BC6C327638}.Debug|x64.Build.0 = Debug|x64
		{E90FF7AB-7E2D-434C-9BF4-B5BC6C327638}.Release|Win32.ActiveCfg = Release|Win32
		{E90FF7AB-7E2D-434C-9BF4-B5BC6C327638}.Release|Win32.Build.0 = Release|Win32
		{E90FF7AB-7E2D-434C-9BF4-B5BC6C327638}.Release|x64.ActiveCfg = Release|x64
		{E90FF7AB-7E2D-434C-9BF4-B5BC6C327638}.Release|x64.Build.0 = Release|x64
		{F01210D5-B308-400C-9620-704FAEBD6432}.Debug|Win32.ActiveCfg = Debug|Win32
		{F01210D5-B308-400C-9620-704FAEBD6432}.Debug|Win32.Build.0 = Debug|Win32
		{F01210D5-B308-400C-9620-704FAEBD6432}.Debug|x64.ActiveCfg = Debug|Win32
		{F01210D5-B308-400C-9620-704FAEBD6432}.Release|Win32.ActiveCfg = Release|Win32
		{F01210D5-B308-400C-9620-704FAEBD6432}.Release|Win32.Build.0 = Release|Win32
		{F01210D5-B308-400C-9620-704FAEBD6432}.Release|x64.ActiveCfg = Release|x64
		{F01210D5-B308-400C-9620-704FAEBD6432}.Release|x64.Build.0 = Release|x64
		{B30016D8-41CB-4C29-8FBF-ACF3C2D56D36}.Debug|Win32.ActiveCfg = Debug|Win32
		{B30016D8-41CB-4C29-8FBF-ACF3C2D56D36}.Debug|Win32.Build.0 = Debug|Win32
		{B30016D8-41CB-4C29-8FBF-ACF3C2D56D36}.Debug|x64.ActiveCfg = Debug|x64
		{B30016D8-41CB-4C29-8FBF-ACF3C2D56D36}.Debug|x64.Build.0 = Debug|x64
		{B30016D8-41CB-4C29-8FBF-ACF3C2D56D36}.Release|Win32.ActiveCfg = Release|Win32
		{B30016D8-41CB-4C29-8FBF-ACF3C2D56D36}.Release|Win32.Build.0 = Release|Win32
		{B30016D8-41CB-4C29-8FBF-ACF3C2D56D36}.Release|x64.ActiveCfg = Release|x64
		{B30016D8-41CB-4C29-8FBF-ACF3C2D56D36}.Release|x64.Build.0 = Release|x64
		{AE676292-2C64-481D-8BF4-EAF98880AD69}.Debug|Win32.ActiveCfg = Debug|Win32
		{AE676292-2C64-481D-8BF4-EAF98880AD69}.Debug|Win32.Build.0 = Debug|Win32
		{AE676292-2C64-481D-8BF4-EAF98880AD69}.Debug|x64.ActiveCfg = Debug|x64
		{AE676292-2C64-481D-8BF4-EAF98880AD69}.Debug|x64.Build.0 = Debug|x64
		{AE676292-2C64-481D-8BF4-EAF98880AD69}.Release|Win32.ActiveCfg = Release|Win32
		{AE676292-2C64-481D-8BF4-EAF98880AD69}.Release|Win32.Build.0 = Release|Win32
		{AE676292-2C64-481D-8BF4-EAF98880AD69}.Release|x64.ActiveCfg = Release|x64
		{AE676292-2C64-481D-8BF4-EAF98880AD69}.Release|x64.Build.0 = Release|x64
		{34A79D8C-8F05-4281-90BA-7B9CB3562C27}.Debug|Win32.ActiveCfg = Debug|Win32
		{34A79D8C-8F05-4281-90BA-7B9CB3562C27}.Debug|Win32.Build.0 = Debug|Win32
		{34A79D8C-8F05-4281-90BA-7B9CB3562C27}.Debug|x64.ActiveCfg = Debug|x64
		{34A79D8C-8F05-4281-90BA-7B9CB3562C27}.Debug|x64.Build.0 = Debug|x64
		{34A79D8C-8F05-4281-90BA-7B9CB3562C27}.Release|Win32.ActiveCfg = Release|Win32
		{34A79D8C-8F05-4281-90BA-7B9CB3562C27}.Release|Win32.Build.0 = Release|Win32
		{34A79D8C-8F05-4281-90BA-7B9CB3562C27}.Release|x64.ActiveCfg = Release|x64
		{34A79D8C-8F05-4281-90BA-7B9CB3562C27}.Release|x64.Build.0 = Release|x64
		{88B1BD37-8A18-4410-94B6-635602077586}.Debug|Win32.ActiveCfg = Debug|Win32
		{88B1BD37-8A18-4410-94B6-635602077586}.Debug|Win32.Build.0 = Debug|Win32
		{88B1BD37-8A18-4410-94B6-635602077586}.Debug|x64.ActiveCfg = Debug|x64
		{88B1BD37-8A18-4410-94B6-635602077586}.Debug|x64.Build.0 = Debug|x64
		{88B1BD37-8A18-4410-94B6-635602077586}.Release|Win32.ActiveCfg = Release|Win32
		{88B1BD37-8A18-4410-94B6-635602077586}.Release|Win32.Build.0 = Release|Win32
		{88B1BD37-8A18-4410-94B6-635602077586}.Release|x64.ActiveCfg = Release|x64
		{88B1BD37-8A18-4410-94B6-635602077586}.Release|x64.Build.0 = Release|x64
		{1F52C63E-A1FD-4972-AB75-AA58C3B05E43}.Debug|Win32.ActiveCfg = Debug|Win32
		{1F52C63E-A1FD-4972-AB75-AA58C3B05E43}.Debug|Win32.Build.0 = Debug|Win32
		{1F52C63E-A1FD-4972-AB75-AA58C3B05E43}.Debug|x64.ActiveCfg = Debug|x64
		{1F52C63E-A1FD-4972-AB75-AA58C3B05E43}.Debug|x64.Build.0 = Debug|x64
		{1F52C63E-A1FD-4972-AB75-AA58C3B05E43}.Release|Win32.ActiveCfg = Release|Win32
		{1F52C63E-A1FD-4972-AB75-AA58C3B05E43}.Release|Win32.Build.0 = Release|Win32
		{1F52C63E-A1FD-4972-AB75-AA58C3B05E43}.Release|x64.ActiveCfg = Release|x64
		{1F52C63E-A1FD-4972-AB75-AA58C3B05E43}.Release|x64.Build.0 = Release|x64
		{681AF46D-AA4A-436C-9031-A3C6BFB07DE6}.Debug|Win32.ActiveCfg = Debug|Win32
		{681AF46D-AA4A-436C-9031-A3C6BFB07DE6}.Debug|Win32.Build.0 = Debug|Win32
		{681AF46D-AA4A-436C-9031-A3C6BFB07DE6}.Debug|x64.ActiveCfg = Debug|x64
		{681AF46D-AA4A-436C-9031-A3C6BFB07DE6}.Debug|x64.Build.0 = Debug|x64
		{681AF46D-AA4A-436C-9031-A3C6BFB07DE6}.Release|Win32.ActiveCfg = Release|Win32
		{681AF46D-AA4A-436C-9031-A3C6BFB07DE6}.Release|Win32.Build.0 = Release|Win32
		{681AF46D-AA4A-436C-9031-A3C6BFB07DE6}.Release|x64.ActiveCfg = Release|x64
		{681AF46D-AA4A-436C-9031-A3C6BFB07DE6}.Release|x64.Build.0 = Release|x64
		{E66AC246-AC76-45FD-8348-37881E6EA680}.Debug|Win32.ActiveCfg = Debug|Win32
		{E66AC246-AC76-45FD-8348-37881E6EA680}.Debug|Win32.Build.0 = Debug|Win32
		{E66AC246-AC76-45FD-8348-37881E6EA680}.Debug|x64.ActiveCfg = Debug|x64
		{E66AC246-AC76-45FD-8348-37881E6EA680}.Debug|x64.Build.0 = Debug|x64
		{E66AC246-AC76-45FD-8348-37881E6EA680}.Release|Win32.ActiveCfg = Release|Win32
		{E66AC246-AC76-45FD-8348-37881E6EA680}.Release|Win32.Build.0 = Release|Win32
		{E66AC246-AC76-45FD-8348-37881E6EA680}.Release|x64.ActiveCfg = Release|x64
		{E66AC246-AC76-45FD-8348-37881E6EA680}.Release|x64.Build.0 = Release|x64
		{99A3B241-C516-45AA-914B-D053DD29AAEF}.Debug|Win32.ActiveCfg = Debug|Win32
		{99A3B241-C516-45AA-914B-D053DD29AAEF}.Debug|Win32.Build.0 = Debug|Win32
		{99A3B241-C516-45AA-914B-D053DD29AAEF}.Debug|x64.ActiveCfg = Debug|x64
		{99A3B241-C516-45AA-914B-D053DD29AAEF}.Debug|x64.Build.0 = Debug|x64
		{99A3B241-C516-45AA-914B-D053DD29AAEF}.Release|Win32.ActiveCfg = Release|Win32
		{99A3B241-C516-45AA-914B-D053DD29AAEF}.Release|Win32.Build.0 = Release|Win32
		{99A3B241-C516-45AA-914B-D053DD29AAEF}.Release|x64.ActiveCfg = Release|x64
		{99A3B241-C516-45AA-914B-D053DD29AAEF}.Release|x64.Build.0 = Release|x64
		{32552623-7489-4D5F-9B78-57CB607AAE07}.Debug|Win32.ActiveCfg = Debug|Win32
		{32552623-7489-4D5F-9B78-57CB607AAE07}.Debug|Win32.Build.0 = Debug|Win32
		{32552623-7489-4D5F-9B78-57CB607AAE07}.Debug|x64.ActiveCfg = Debug|x64
		{32552623-7489-4D5F-9B78-57CB607AAE07}.Debug|x64.Build.0 = Debug|x64
		{32552623-7489-4D5F-9B78-57CB607AAE07}.Release|Win32.ActiveCfg = Release|Win32
		{32552623-7489-4D5F-9B78-57CB607AAE07}.Release|Win32.Build.0 = Release|Win32
		{32552623-7489-4D5F-9B78-57CB607AAE07}.Release|x64.ActiveCfg = Release|x64
		{32552623-7489-4D5F-9B78-57CB607AAE07}.Release|x64.Build.0 = Release|x64
		{2E12083C-943F-4D09-AF56-A791524A6D6D}.Debug|Win32.ActiveCfg = Debug|Win32
		{2E12083C-943F-4D09-AF56-A791524A6D6D}.Debug|Win32.Build.0 = Debug|Win32
		{2E12083C-943F-4D09-AF56-A791524A6D6D}.Debug|x64.ActiveCfg = Debug|x64
		{2E12083C-943F-4D09-AF56-A791524A6D6D}.Debug|x64.Build.0 = Debug|x64
		{2E12083C-943F-4D09-AF56-A791524A6D6D}.Release|Win32.ActiveCfg = Release|Win32
		{2E12083C-943F-4D09-AF56-A791524A6D6D}.Release|Win32.Build.0 = Release|Win32
		{2E12083C-943F-4D09-AF56-A791524A6D6D}.Release|x64.ActiveCfg = Release|x64
		{2E12083C-943F-4D09-AF56-A791524A6D6D}.Release|x64.Build.0 = Release|x64
		{397DD309-7F67-438C-8FCF-03EA128DFC83}.Debug|Win32.ActiveCfg = Debug|Win32
		{397DD309-7F67-438C-8FCF-03EA128DFC83}.Debug|Win32.Build.0 = Debug|Win32
		{397DD309-7F67-438C-8FCF-03EA128DFC83}.Debug|x64.ActiveCfg = Debug|x64
		{397DD309-7F67-438C-8FCF-03EA128DFC83}.Debug|x64.Build.0 = Debug|x64
		{397DD309-7F67-438C-8FCF-03EA128DFC83}.Release|Win32.ActiveCfg = Release|Win32
		{397DD309-7F67-438C-8FCF-03EA128DFC83}.Release|Win32.Build.0 = Release|Win32
		{397DD309-7F67-438C-8FCF-03EA128DFC83}.Release|x64.ActiveCfg = Release|x64
		{397DD309-7F67-438C-8FCF-03EA128DFC83}.Release|x64.Build.0 = Release|x64
		{64762260-47E8-4A91-B4DD-319F7BBD4264}.Debug|Win32.ActiveCfg = Debug|Win32
		{64762260-47E8-4A91-B4DD-319F7BBD4264}.Debug|Win32.Build.0 = Debug|Win32
		{64762260-47E8-4A91-B4DD-319F7BBD4264}.Debug|x64.ActiveCfg = Debug|x64
		{64762260-47E8-4A91-B4DD-319F7BBD4264}.Debug|x64.Build.0 = Debug|x64
		{64762260-47E8-4A91-B4DD-319F7BBD4264}.Release|Win32.ActiveCfg = Release|Win32
		{64762260-47E8-4A91-B4DD-319F7BBD4264}.Release|Win32.Build.0 = Release|Win32
		{64762260-47E8-4A91-B4DD-319F7BBD4264}.Release|x64.ActiveCfg = Release|x64
		{64762260-47E8-4A91-B4DD-319F7BBD4264}.Release|x64.Build.0 = Release|x64
	EndGlobalSection
	GlobalSection(SolutionProperties) = preSolution
		HideSolutionNode = FALSE
	EndGlobalSection
	GlobalSection(NestedProjects) = preSolution
		{B4453FCB-4CF0-4423-9BBC-6BAB3EAC126D} = {F6D3551D-25DF-4B43-A320-F8EB0802CA3C}
		{D3A96C14-EAF3-4E6C-9A4F-94664609C14B} = {055820AA-DD78-445D-BDB6-32911175ADD5}
		{38A5FEA8-D0D5-4649-94C0-75E0D9EEB4B6} = {ED5071B8-6F68-4D52-8425-8668AA1BD99E}
		{286C0983-5F11-45E9-BB02-D134C1E45642} = {319AD52D-EE37-4F30-B73A-E796BEDC78D1}
		{5DA1AA28-BE94-48C7-AEFC-3D927D7EEA57} = {775A72EC-4DDF-4C2A-87ED-BCAD305AC1A0}
		{E14BD12C-71D4-42C4-A232-5DC0555D2FF3} = {775A72EC-4DDF-4C2A-87ED-BCAD305AC1A0}
		{4A979AF7-D53C-4091-9440-C66323B5D724} = {319AD52D-EE37-4F30-B73A-E796BEDC78D1}
		{04F414F2-BD4E-44C1-B126-A8AA4AFE190F} = {FE16BCE6-0036-4FF8-B55C-3AEC36F5D86C}
		{8BA86C1A-C8BC-45EC-8052-C51CC7EB3864} = {C7F953FD-F036-4E4E-A7BD-97A4F0996F37}
		{5646A027-25CC-4C96-92C5-904486DEF2E2} = {04761FE8-7F89-4444-B631-51763EAE3EC7}
		{58141C11-5069-45E0-B8B0-A570345C042C} = {04761FE8-7F89-4444-B631-51763EAE3EC7}
		{1E3F2093-F3F6-45F2-B336-B5EDF37CF23E} = {055820AA-DD78-445D-BDB6-32911175ADD5}
		{E90FF7AB-7E2D-434C-9BF4-B5BC6C327638} = {775A72EC-4DDF-4C2A-87ED-BCAD305AC1A0}
		{F01210D5-B308-400C-9620-704FAEBD6432} = {ED5071B8-6F68-4D52-8425-8668AA1BD99E}
		{B30016D8-41CB-4C29-8FBF-ACF3C2D56D36} = {04761FE8-7F89-4444-B631-51763EAE3EC7}
		{AE676292-2C64-481D-8BF4-EAF98880AD69} = {04761FE8-7F89-4444-B631-51763EAE3EC7}
		{34A79D8C-8F05-4281-90BA-7B9CB3562C27} = {04761FE8-7F89-4444-B631-51763EAE3EC7}
		{88B1BD37-8A18-4410-94B6-635602077586} = {04761FE8-7F89-4444-B631-51763EAE3EC7}
		{1F52C63E-A1FD-4972-AB75-AA58C3B05E43} = {04761FE8-7F89-4444-B631-51763EAE3EC7}
		{681AF46D-AA4A-436C-9031-A3C6BFB07DE6} = {04761FE8-7F89-4444-B631-51763EAE3EC7}
		{E66AC246-AC76-45FD-8348-37881E6EA680} = {C7F953FD-F036-4E4E-A7BD-97A4F0996F37}
		{99A3B241-C516-45AA-914B-D053DD29AAEF} = {C7F953FD-F036-4E4E-A7BD-97A4F0996F37}
		{32552623-7489-4D5F-9B78-57CB607AAE07} = {C7F953FD-F036-4E4E-A7BD-97A4F0996F37}
		{2E12083C-943F-4D09-AF56-A791524A6D6D} = {C7F953FD-F036-4E4E-A7BD-97A4F0996F37}
		{397DD309-7F67-438C-8FCF-03EA128DFC83} = {C7F953FD-F036-4E4E-A7BD-97A4F0996F37}
		{64762260-47E8-4A91-B4DD-319F7BBD4264} = {055820AA-DD78-445D-BDB6-32911175ADD5}
	EndGlobalSection
EndGlobal
